
Microsoft Visual Studio Solution File, Format Version 12.00
# Visual Studio Version 17
VisualStudioVersion = 17.8.34316.72
MinimumVisualStudioVersion = 10.0.40219.1
Project("{FAE04EC0-301F-11D3-BF4B-00C04F79EFBC}") = "DepartamentasAPI", "DepartamentasAPI\DepartamentasAPI.csproj", "{3630D5A2-F660-49F9-AB06-923460C4F1EF}"
EndProject
Global
	GlobalSection(SolutionConfigurationPlatforms) = preSolution
		Debug|Any CPU = Debug|Any CPU
		Release|Any CPU = Release|Any CPU
	EndGlobalSection
	GlobalSection(ProjectConfigurationPlatforms) = postSolution
		{3630D5A2-F660-49F9-AB06-923460C4F1EF}.Debug|Any CPU.ActiveCfg = Debug|Any CPU
		{3630D5A2-F660-49F9-AB06-923460C4F1EF}.Debug|Any CPU.Build.0 = Debug|Any CPU
		{3630D5A2-F660-49F9-AB06-923460C4F1EF}.Release|Any CPU.ActiveCfg = Release|Any CPU
		{3630D5A2-F660-49F9-AB06-923460C4F1EF}.Release|Any CPU.Build.0 = Release|Any CPU
	EndGlobalSection
	GlobalSection(SolutionProperties) = preSolution
		HideSolutionNode = FALSE
	EndGlobalSection
	GlobalSection(ExtensibilityGlobals) = postSolution
		SolutionGuid = {2FA37076-5EE0-4E55-82A4-BBDEED5E3B8F}
	EndGlobalSection
EndGlobal
